
Microsoft Visual Studio Solution File, Format Version 12.00
# Visual Studio Version 17
VisualStudioVersion = 17.11.35222.181
MinimumVisualStudioVersion = 10.0.40219.1
Project("{9A19103F-16F7-4668-BE54-9A1E7A4F7556}") = "Ex_01_01_01_CalculMoyenne", "Ex_01_01_01_CalculMoyenne\Ex_01_01_01_CalculMoyenne.csproj", "{11F5C6F5-0EB1-438F-8F13-05E14A3199AB}"
EndProject
Project("{9A19103F-16F7-4668-BE54-9A1E7A4F7556}") = "Ex_01_01_02_CalculMoyenneBoucle", "Ex_01_01_02_CalculMoyenneBoucle\Ex_01_01_02_CalculMoyenneBoucle.csproj", "{94912ACF-A2F2-4816-8EEC-683A119EB175}"
EndProject
Project("{9A19103F-16F7-4668-BE54-9A1E7A4F7556}") = "Ex_01_01_03_CalculMoyenneAll", "Ex_01_01_03_CalculMoyenneAll\Ex_01_01_03_CalculMoyenneAll.csproj", "{343BE4A2-7546-410F-8BE3-60E830691B14}"
EndProject
Project("{9A19103F-16F7-4668-BE54-9A1E7A4F7556}") = "Ex_01_02_AireVolume", "Ex_01_02_AireVolume\Ex_01_02_AireVolume.csproj", "{900027EE-53B4-4E92-B2FD-B12EC214D355}"
EndProject
Project("{9A19103F-16F7-4668-BE54-9A1E7A4F7556}") = "Ex_01_03_surfaceSecteurCirculaire", "Ex_01_03_surfaceSecteurCirculaire\Ex_01_03_surfaceSecteurCirculaire.csproj", "{763F4803-E774-4342-A754-7176E5FD4B29}"
EndProject
Project("{9A19103F-16F7-4668-BE54-9A1E7A4F7556}") = "Ex_01_04_Inversion", "Ex_01_04_Inversion\Ex_01_04_Inversion.csproj", "{0030F3B1-6283-4217-A3FB-20E8EEAFFA99}"
EndProject
Project("{9A19103F-16F7-4668-BE54-9A1E7A4F7556}") = "Ex_01_05_CalculInterets", "Ex_01_05_CalculInterets\Ex_01_05_CalculInterets.csproj", "{10F3661F-1035-4714-BA46-C09BD6ACA968}"
EndProject
Project("{9A19103F-16F7-4668-BE54-9A1E7A4F7556}") = "Ex_01_06_NombrePremier", "Ex_01_06_NombrePremier\Ex_01_06_NombrePremier.csproj", "{4E81D018-83EA-4943-915A-E8370E610097}"
EndProject
Project("{9A19103F-16F7-4668-BE54-9A1E7A4F7556}") = "Ex_01_07_Tri", "Ex_01_07_Tri\Ex_01_07_Tri.csproj", "{9D76EE18-4F78-4D49-BE4A-858E769835A8}"
EndProject
Project("{9A19103F-16F7-4668-BE54-9A1E7A4F7556}") = "Ex_01_08_Bissextile", "Ex_01_08_Bissextile\Ex_01_08_Bissextile.csproj", "{4F46CB73-22E5-4889-9038-ACB321E1F7A8}"
EndProject
Project("{9A19103F-16F7-4668-BE54-9A1E7A4F7556}") = "Ex_01_09_Diviseurs", "Ex_01_09_Diviseurs\Ex_01_09_Diviseurs.csproj", "{B5E98A2F-6849-4890-BBE1-7854A4F5CD0B}"
EndProject
Project("{9A19103F-16F7-4668-BE54-9A1E7A4F7556}") = "Ex_01_10_NbParfait", "Ex_01_10_NbParfait\Ex_01_10_NbParfait.csproj", "{6FE6A297-56CB-42B4-9061-B964B5590985}"
EndProject
Project("{9A19103F-16F7-4668-BE54-9A1E7A4F7556}") = "Ex_02_01_01_KmToMi", "Ex_02_01_01_KmToMi\Ex_02_01_01_KmToMi.csproj", "{B8204A95-2E68-4D4E-8EA2-5931B612D684}"
EndProject
Project("{9A19103F-16F7-4668-BE54-9A1E7A4F7556}") = "Ex_02_01_02_KmOrMi", "Ex_02_01_02_KmOrMi\Ex_02_01_02_KmOrMi.csproj", "{5094742B-9CBD-4BD9-A419-EEE80A35C287}"
EndProject
Project("{9A19103F-16F7-4668-BE54-9A1E7A4F7556}") = "Ex_02_01_03_KmMiGo", "Ex_02_01_03_KmMiGo\Ex_02_01_03_KmMiGo.csproj", "{BFAF5CB1-5195-4514-BB63-4B5B0211F865}"
EndProject
Project("{9A19103F-16F7-4668-BE54-9A1E7A4F7556}") = "Ex_02_02_01_FC", "Ex_02_02_FC\Ex_02_02_01_FC.csproj", "{3E38CB7D-12DE-49E0-A146-9322DD781F73}"
EndProject
Project("{9A19103F-16F7-4668-BE54-9A1E7A4F7556}") = "Ex_02_02_02_FCMinMax", "Ex_02_02_02_FCMinMax\Ex_02_02_02_FCMinMax.csproj", "{569D0F0D-86C5-4CDB-B9E9-46ED1CDAB7D2}"
EndProject
Project("{9A19103F-16F7-4668-BE54-9A1E7A4F7556}") = "Ex_02_03_JeuFourchette", "Ex_02_03_JeuFourchette\Ex_02_03_JeuFourchette.csproj", "{EACBE760-5F55-4294-8D90-D21FDF640559}"
EndProject
Project("{9A19103F-16F7-4668-BE54-9A1E7A4F7556}") = "Ex_02_04_BarnabeCourses", "Ex_02_04_BarnabeCourses\Ex_02_04_BarnabeCourses.csproj", "{37B25378-3C9A-41AA-AA74-4CD493BBE338}"
EndProject
Project("{9A19103F-16F7-4668-BE54-9A1E7A4F7556}") = "Ex_02_05_Jeu02", "Ex_02_05_Jeu02\Ex_02_05_Jeu02.csproj", "{1A1E89CA-D46E-49C0-83C9-985970441473}"
EndProject
Project("{9A19103F-16F7-4668-BE54-9A1E7A4F7556}") = "Ex_02_06_Bicyclette", "Ex_02_06_Bicyclette\Ex_02_06_Bicyclette.csproj", "{7B84B605-AE05-440D-817D-7BF17B9A6432}"
EndProject
Project("{9A19103F-16F7-4668-BE54-9A1E7A4F7556}") = "Ex_02_07_01_Jeunes", "Ex_02_07_01_Jeunes\Ex_02_07_01_Jeunes.csproj", "{E5421B2F-9DA7-463F-A07A-DEFCCC0F5087}"
EndProject
Project("{9A19103F-16F7-4668-BE54-9A1E7A4F7556}") = "Ex_02_07_02_CatAge", "Ex_02_07_02_CatAge\Ex_02_07_02_CatAge.csproj", "{FC5240A5-900F-420C-B455-EFFB9B969835}"
EndProject
Project("{9A19103F-16F7-4668-BE54-9A1E7A4F7556}") = "Ex_03_01_RechTab", "Ex_03_01_RechTab\Ex_03_01_RechTab.csproj", "{7511A6C5-B098-4E7E-8D21-32E46052D24D}"
EndProject
Project("{9A19103F-16F7-4668-BE54-9A1E7A4F7556}") = "Ex_03_02_RechLettre", "Ex_03_02_RechLettre\Ex_03_02_RechLettre.csproj", "{9C96E4A1-C592-4F95-99C8-92931F82823D}"
EndProject
Project("{9A19103F-16F7-4668-BE54-9A1E7A4F7556}") = "Ex_03_03_Alphabet", "Ex_03_03_Alphabet\Ex_03_03_Alphabet.csproj", "{8CE2BA7D-B7FD-4B07-BEB9-244E34F66393}"
EndProject
Project("{9A19103F-16F7-4668-BE54-9A1E7A4F7556}") = "Ex_03_04_TriTableau", "Ex_03_04_TriTableau\Ex_03_04_TriTableau.csproj", "{340E1D27-7778-4479-9E75-21EEBCAD04E9}"
EndProject
Project("{9A19103F-16F7-4668-BE54-9A1E7A4F7556}") = "Ex_03_05_Palindrome", "Ex_03_05_Palindrome\Ex_03_05_Palindrome.csproj", "{96F4A48E-D4DC-4F5F-8377-F7B8C46B524E}"
EndProject
Project("{9A19103F-16F7-4668-BE54-9A1E7A4F7556}") = "Ex_03_06_Pendu", "Ex_03_06_Pendu\Ex_03_06_Pendu.csproj", "{230DBA74-C12B-4C69-BCCF-D201A8FDDEA9}"
EndProject
Project("{9A19103F-16F7-4668-BE54-9A1E7A4F7556}") = "Ex_03_07_Dichotomie", "Ex_03_07_Dichotomie\Ex_03_07_Dichotomie.csproj", "{EF99403D-696F-436C-A20D-918FE3AB53C3}"
EndProject
Project("{9A19103F-16F7-4668-BE54-9A1E7A4F7556}") = "Ex_Final_PGCD", "Ex_Final_PGCD\Ex_Final_PGCD.csproj", "{2E4A2EE3-F1E5-40F6-836D-08AD7DDCEC91}"
EndProject
Project("{9A19103F-16F7-4668-BE54-9A1E7A4F7556}") = "Ex_Final_PGCDv2", "Ex_Final_PGCDv2\Ex_Final_PGCDv2.csproj", "{CC695E66-911A-49E5-85E5-1D534FEF4DDA}"
EndProject
Project("{9A19103F-16F7-4668-BE54-9A1E7A4F7556}") = "Tp_Emprunt", "Tp_Emprunt\Tp_Emprunt.csproj", "{A96DC7C5-30C5-4340-8313-7985F231834A}"
EndProject
Project("{9A19103F-16F7-4668-BE54-9A1E7A4F7556}") = "Extra_02_08_Elections", "Extra_02_08_Elections\Extra_02_08_Elections.csproj", "{7DE82A05-5D5C-40D8-AFBD-761FCD09E9DE}"
EndProject
Project("{9A19103F-16F7-4668-BE54-9A1E7A4F7556}") = "Extra_02_09_Assurance", "Extra_02_09_Assurance\Extra_02_09_Assurance.csproj", "{903838D5-4606-4194-80A0-CE7BC53E25A5}"
EndProject
Project("{9A19103F-16F7-4668-BE54-9A1E7A4F7556}") = "Extra_02_07_ValiditeDate", "Extra_02_07_ValiditeDate\Extra_02_07_ValiditeDate.csproj", "{7A16A83A-231D-4467-9668-00415F97B5E5}"
EndProject
Project("{9A19103F-16F7-4668-BE54-9A1E7A4F7556}") = "Extra_Majorite", "Extra_Majorite\Extra_Majorite.csproj", "{1DEA8F32-6FEA-44A1-AB8B-5CA71CCD51F1}"
EndProject
Project("{9A19103F-16F7-4668-BE54-9A1E7A4F7556}") = "Extra_Dice", "Extra_Dice\Extra_Dice.csproj", "{D811C068-F24A-4409-8A08-F05347F3EACA}"
EndProject
Project("{9A19103F-16F7-4668-BE54-9A1E7A4F7556}") = "test", "test\test.csproj", "{6CCED202-59E2-4771-B703-0DEB2DBAC9F4}"
EndProject
Project("{9A19103F-16F7-4668-BE54-9A1E7A4F7556}") = "Ex_TriABulle", "Ex_TriABulle\Ex_TriABulle.csproj", "{3400906C-317B-4324-A5C5-283466EB77B5}"
EndProject
Project("{9A19103F-16F7-4668-BE54-9A1E7A4F7556}") = "Financier", "Financier\Financier.csproj", "{E12B80CA-5652-4565-9541-418756271701}"
EndProject
Project("{9A19103F-16F7-4668-BE54-9A1E7A4F7556}") = "AppClient_Financier", "AppClient_Financier\AppClient_Financier.csproj", "{C8E5686B-3150-4401-8052-32BD93D3BCCC}"
EndProject
Project("{9A19103F-16F7-4668-BE54-9A1E7A4F7556}") = "Voiture", "Voiture\Voiture.csproj", "{45246B35-E80A-4CDE-9468-FE4453607EC5}"
EndProject
Project("{9A19103F-16F7-4668-BE54-9A1E7A4F7556}") = "AppClient_Kiloutou", "AppClient_Kiloutou\AppClient_Kiloutou.csproj", "{D150EEAE-8AD9-45DE-A80C-B5F44CF8137F}"
EndProject
Project("{FAE04EC0-301F-11D3-BF4B-00C04F79EFBC}") = "Articles", "Articles\Articles.csproj", "{F82F50EC-A94B-4DEB-8AAA-D3C5DE473B17}"
EndProject
Project("{FAE04EC0-301F-11D3-BF4B-00C04F79EFBC}") = "AppClient_Disquetuveux", "AppClient_Disquetuveux\AppClient_Disquetuveux.csproj", "{DC8E99C9-5ABD-410E-9839-575BF8C4EB78}"
EndProject
Global
	GlobalSection(SolutionConfigurationPlatforms) = preSolution
		Debug|Any CPU = Debug|Any CPU
		Release|Any CPU = Release|Any CPU
	EndGlobalSection
	GlobalSection(ProjectConfigurationPlatforms) = postSolution
		{11F5C6F5-0EB1-438F-8F13-05E14A3199AB}.Debug|Any CPU.ActiveCfg = Debug|Any CPU
		{11F5C6F5-0EB1-438F-8F13-05E14A3199AB}.Debug|Any CPU.Build.0 = Debug|Any CPU
		{11F5C6F5-0EB1-438F-8F13-05E14A3199AB}.Release|Any CPU.ActiveCfg = Release|Any CPU
		{11F5C6F5-0EB1-438F-8F13-05E14A3199AB}.Release|Any CPU.Build.0 = Release|Any CPU
		{94912ACF-A2F2-4816-8EEC-683A119EB175}.Debug|Any CPU.ActiveCfg = Debug|Any CPU
		{94912ACF-A2F2-4816-8EEC-683A119EB175}.Debug|Any CPU.Build.0 = Debug|Any CPU
		{94912ACF-A2F2-4816-8EEC-683A119EB175}.Release|Any CPU.ActiveCfg = Release|Any CPU
		{94912ACF-A2F2-4816-8EEC-683A119EB175}.Release|Any CPU.Build.0 = Release|Any CPU
		{343BE4A2-7546-410F-8BE3-60E830691B14}.Debug|Any CPU.ActiveCfg = Debug|Any CPU
		{343BE4A2-7546-410F-8BE3-60E830691B14}.Debug|Any CPU.Build.0 = Debug|Any CPU
		{343BE4A2-7546-410F-8BE3-60E830691B14}.Release|Any CPU.ActiveCfg = Release|Any CPU
		{343BE4A2-7546-410F-8BE3-60E830691B14}.Release|Any CPU.Build.0 = Release|Any CPU
		{900027EE-53B4-4E92-B2FD-B12EC214D355}.Debug|Any CPU.ActiveCfg = Debug|Any CPU
		{900027EE-53B4-4E92-B2FD-B12EC214D355}.Debug|Any CPU.Build.0 = Debug|Any CPU
		{900027EE-53B4-4E92-B2FD-B12EC214D355}.Release|Any CPU.ActiveCfg = Release|Any CPU
		{900027EE-53B4-4E92-B2FD-B12EC214D355}.Release|Any CPU.Build.0 = Release|Any CPU
		{763F4803-E774-4342-A754-7176E5FD4B29}.Debug|Any CPU.ActiveCfg = Debug|Any CPU
		{763F4803-E774-4342-A754-7176E5FD4B29}.Debug|Any CPU.Build.0 = Debug|Any CPU
		{763F4803-E774-4342-A754-7176E5FD4B29}.Release|Any CPU.ActiveCfg = Release|Any CPU
		{763F4803-E774-4342-A754-7176E5FD4B29}.Release|Any CPU.Build.0 = Release|Any CPU
		{0030F3B1-6283-4217-A3FB-20E8EEAFFA99}.Debug|Any CPU.ActiveCfg = Debug|Any CPU
		{0030F3B1-6283-4217-A3FB-20E8EEAFFA99}.Debug|Any CPU.Build.0 = Debug|Any CPU
		{0030F3B1-6283-4217-A3FB-20E8EEAFFA99}.Release|Any CPU.ActiveCfg = Release|Any CPU
		{0030F3B1-6283-4217-A3FB-20E8EEAFFA99}.Release|Any CPU.Build.0 = Release|Any CPU
		{10F3661F-1035-4714-BA46-C09BD6ACA968}.Debug|Any CPU.ActiveCfg = Debug|Any CPU
		{10F3661F-1035-4714-BA46-C09BD6ACA968}.Debug|Any CPU.Build.0 = Debug|Any CPU
		{10F3661F-1035-4714-BA46-C09BD6ACA968}.Release|Any CPU.ActiveCfg = Release|Any CPU
		{10F3661F-1035-4714-BA46-C09BD6ACA968}.Release|Any CPU.Build.0 = Release|Any CPU
		{4E81D018-83EA-4943-915A-E8370E610097}.Debug|Any CPU.ActiveCfg = Debug|Any CPU
		{4E81D018-83EA-4943-915A-E8370E610097}.Debug|Any CPU.Build.0 = Debug|Any CPU
		{4E81D018-83EA-4943-915A-E8370E610097}.Release|Any CPU.ActiveCfg = Release|Any CPU
		{4E81D018-83EA-4943-915A-E8370E610097}.Release|Any CPU.Build.0 = Release|Any CPU
		{9D76EE18-4F78-4D49-BE4A-858E769835A8}.Debug|Any CPU.ActiveCfg = Debug|Any CPU
		{9D76EE18-4F78-4D49-BE4A-858E769835A8}.Debug|Any CPU.Build.0 = Debug|Any CPU
		{9D76EE18-4F78-4D49-BE4A-858E769835A8}.Release|Any CPU.ActiveCfg = Release|Any CPU
		{9D76EE18-4F78-4D49-BE4A-858E769835A8}.Release|Any CPU.Build.0 = Release|Any CPU
		{4F46CB73-22E5-4889-9038-ACB321E1F7A8}.Debug|Any CPU.ActiveCfg = Debug|Any CPU
		{4F46CB73-22E5-4889-9038-ACB321E1F7A8}.Debug|Any CPU.Build.0 = Debug|Any CPU
		{4F46CB73-22E5-4889-9038-ACB321E1F7A8}.Release|Any CPU.ActiveCfg = Release|Any CPU
		{4F46CB73-22E5-4889-9038-ACB321E1F7A8}.Release|Any CPU.Build.0 = Release|Any CPU
		{B5E98A2F-6849-4890-BBE1-7854A4F5CD0B}.Debug|Any CPU.ActiveCfg = Debug|Any CPU
		{B5E98A2F-6849-4890-BBE1-7854A4F5CD0B}.Debug|Any CPU.Build.0 = Debug|Any CPU
		{B5E98A2F-6849-4890-BBE1-7854A4F5CD0B}.Release|Any CPU.ActiveCfg = Release|Any CPU
		{B5E98A2F-6849-4890-BBE1-7854A4F5CD0B}.Release|Any CPU.Build.0 = Release|Any CPU
		{6FE6A297-56CB-42B4-9061-B964B5590985}.Debug|Any CPU.ActiveCfg = Debug|Any CPU
		{6FE6A297-56CB-42B4-9061-B964B5590985}.Debug|Any CPU.Build.0 = Debug|Any CPU
		{6FE6A297-56CB-42B4-9061-B964B5590985}.Release|Any CPU.ActiveCfg = Release|Any CPU
		{6FE6A297-56CB-42B4-9061-B964B5590985}.Release|Any CPU.Build.0 = Release|Any CPU
		{B8204A95-2E68-4D4E-8EA2-5931B612D684}.Debug|Any CPU.ActiveCfg = Debug|Any CPU
		{B8204A95-2E68-4D4E-8EA2-5931B612D684}.Debug|Any CPU.Build.0 = Debug|Any CPU
		{B8204A95-2E68-4D4E-8EA2-5931B612D684}.Release|Any CPU.ActiveCfg = Release|Any CPU
		{B8204A95-2E68-4D4E-8EA2-5931B612D684}.Release|Any CPU.Build.0 = Release|Any CPU
		{5094742B-9CBD-4BD9-A419-EEE80A35C287}.Debug|Any CPU.ActiveCfg = Debug|Any CPU
		{5094742B-9CBD-4BD9-A419-EEE80A35C287}.Debug|Any CPU.Build.0 = Debug|Any CPU
		{5094742B-9CBD-4BD9-A419-EEE80A35C287}.Release|Any CPU.ActiveCfg = Release|Any CPU
		{5094742B-9CBD-4BD9-A419-EEE80A35C287}.Release|Any CPU.Build.0 = Release|Any CPU
		{BFAF5CB1-5195-4514-BB63-4B5B0211F865}.Debug|Any CPU.ActiveCfg = Debug|Any CPU
		{BFAF5CB1-5195-4514-BB63-4B5B0211F865}.Debug|Any CPU.Build.0 = Debug|Any CPU
		{BFAF5CB1-5195-4514-BB63-4B5B0211F865}.Release|Any CPU.ActiveCfg = Release|Any CPU
		{BFAF5CB1-5195-4514-BB63-4B5B0211F865}.Release|Any CPU.Build.0 = Release|Any CPU
		{3E38CB7D-12DE-49E0-A146-9322DD781F73}.Debug|Any CPU.ActiveCfg = Debug|Any CPU
		{3E38CB7D-12DE-49E0-A146-9322DD781F73}.Debug|Any CPU.Build.0 = Debug|Any CPU
		{3E38CB7D-12DE-49E0-A146-9322DD781F73}.Release|Any CPU.ActiveCfg = Release|Any CPU
		{3E38CB7D-12DE-49E0-A146-9322DD781F73}.Release|Any CPU.Build.0 = Release|Any CPU
		{569D0F0D-86C5-4CDB-B9E9-46ED1CDAB7D2}.Debug|Any CPU.ActiveCfg = Debug|Any CPU
		{569D0F0D-86C5-4CDB-B9E9-46ED1CDAB7D2}.Debug|Any CPU.Build.0 = Debug|Any CPU
		{569D0F0D-86C5-4CDB-B9E9-46ED1CDAB7D2}.Release|Any CPU.ActiveCfg = Release|Any CPU
		{569D0F0D-86C5-4CDB-B9E9-46ED1CDAB7D2}.Release|Any CPU.Build.0 = Release|Any CPU
		{EACBE760-5F55-4294-8D90-D21FDF640559}.Debug|Any CPU.ActiveCfg = Debug|Any CPU
		{EACBE760-5F55-4294-8D90-D21FDF640559}.Debug|Any CPU.Build.0 = Debug|Any CPU
		{EACBE760-5F55-4294-8D90-D21FDF640559}.Release|Any CPU.ActiveCfg = Release|Any CPU
		{EACBE760-5F55-4294-8D90-D21FDF640559}.Release|Any CPU.Build.0 = Release|Any CPU
		{37B25378-3C9A-41AA-AA74-4CD493BBE338}.Debug|Any CPU.ActiveCfg = Debug|Any CPU
		{37B25378-3C9A-41AA-AA74-4CD493BBE338}.Debug|Any CPU.Build.0 = Debug|Any CPU
		{37B25378-3C9A-41AA-AA74-4CD493BBE338}.Release|Any CPU.ActiveCfg = Release|Any CPU
		{37B25378-3C9A-41AA-AA74-4CD493BBE338}.Release|Any CPU.Build.0 = Release|Any CPU
		{1A1E89CA-D46E-49C0-83C9-985970441473}.Debug|Any CPU.ActiveCfg = Debug|Any CPU
		{1A1E89CA-D46E-49C0-83C9-985970441473}.Debug|Any CPU.Build.0 = Debug|Any CPU
		{1A1E89CA-D46E-49C0-83C9-985970441473}.Release|Any CPU.ActiveCfg = Release|Any CPU
		{1A1E89CA-D46E-49C0-83C9-985970441473}.Release|Any CPU.Build.0 = Release|Any CPU
		{7B84B605-AE05-440D-817D-7BF17B9A6432}.Debug|Any CPU.ActiveCfg = Debug|Any CPU
		{7B84B605-AE05-440D-817D-7BF17B9A6432}.Debug|Any CPU.Build.0 = Debug|Any CPU
		{7B84B605-AE05-440D-817D-7BF17B9A6432}.Release|Any CPU.ActiveCfg = Release|Any CPU
		{7B84B605-AE05-440D-817D-7BF17B9A6432}.Release|Any CPU.Build.0 = Release|Any CPU
		{E5421B2F-9DA7-463F-A07A-DEFCCC0F5087}.Debug|Any CPU.ActiveCfg = Debug|Any CPU
		{E5421B2F-9DA7-463F-A07A-DEFCCC0F5087}.Debug|Any CPU.Build.0 = Debug|Any CPU
		{E5421B2F-9DA7-463F-A07A-DEFCCC0F5087}.Release|Any CPU.ActiveCfg = Release|Any CPU
		{E5421B2F-9DA7-463F-A07A-DEFCCC0F5087}.Release|Any CPU.Build.0 = Release|Any CPU
		{FC5240A5-900F-420C-B455-EFFB9B969835}.Debug|Any CPU.ActiveCfg = Debug|Any CPU
		{FC5240A5-900F-420C-B455-EFFB9B969835}.Debug|Any CPU.Build.0 = Debug|Any CPU
		{FC5240A5-900F-420C-B455-EFFB9B969835}.Release|Any CPU.ActiveCfg = Release|Any CPU
		{FC5240A5-900F-420C-B455-EFFB9B969835}.Release|Any CPU.Build.0 = Release|Any CPU
		{7511A6C5-B098-4E7E-8D21-32E46052D24D}.Debug|Any CPU.ActiveCfg = Debug|Any CPU
		{7511A6C5-B098-4E7E-8D21-32E46052D24D}.Debug|Any CPU.Build.0 = Debug|Any CPU
		{7511A6C5-B098-4E7E-8D21-32E46052D24D}.Release|Any CPU.ActiveCfg = Release|Any CPU
		{7511A6C5-B098-4E7E-8D21-32E46052D24D}.Release|Any CPU.Build.0 = Release|Any CPU
		{9C96E4A1-C592-4F95-99C8-92931F82823D}.Debug|Any CPU.ActiveCfg = Debug|Any CPU
		{9C96E4A1-C592-4F95-99C8-92931F82823D}.Debug|Any CPU.Build.0 = Debug|Any CPU
		{9C96E4A1-C592-4F95-99C8-92931F82823D}.Release|Any CPU.ActiveCfg = Release|Any CPU
		{9C96E4A1-C592-4F95-99C8-92931F82823D}.Release|Any CPU.Build.0 = Release|Any CPU
		{8CE2BA7D-B7FD-4B07-BEB9-244E34F66393}.Debug|Any CPU.ActiveCfg = Debug|Any CPU
		{8CE2BA7D-B7FD-4B07-BEB9-244E34F66393}.Debug|Any CPU.Build.0 = Debug|Any CPU
		{8CE2BA7D-B7FD-4B07-BEB9-244E34F66393}.Release|Any CPU.ActiveCfg = Release|Any CPU
		{8CE2BA7D-B7FD-4B07-BEB9-244E34F66393}.Release|Any CPU.Build.0 = Release|Any CPU
		{340E1D27-7778-4479-9E75-21EEBCAD04E9}.Debug|Any CPU.ActiveCfg = Debug|Any CPU
		{340E1D27-7778-4479-9E75-21EEBCAD04E9}.Debug|Any CPU.Build.0 = Debug|Any CPU
		{340E1D27-7778-4479-9E75-21EEBCAD04E9}.Release|Any CPU.ActiveCfg = Release|Any CPU
		{340E1D27-7778-4479-9E75-21EEBCAD04E9}.Release|Any CPU.Build.0 = Release|Any CPU
		{96F4A48E-D4DC-4F5F-8377-F7B8C46B524E}.Debug|Any CPU.ActiveCfg = Debug|Any CPU
		{96F4A48E-D4DC-4F5F-8377-F7B8C46B524E}.Debug|Any CPU.Build.0 = Debug|Any CPU
		{96F4A48E-D4DC-4F5F-8377-F7B8C46B524E}.Release|Any CPU.ActiveCfg = Release|Any CPU
		{96F4A48E-D4DC-4F5F-8377-F7B8C46B524E}.Release|Any CPU.Build.0 = Release|Any CPU
		{230DBA74-C12B-4C69-BCCF-D201A8FDDEA9}.Debug|Any CPU.ActiveCfg = Debug|Any CPU
		{230DBA74-C12B-4C69-BCCF-D201A8FDDEA9}.Debug|Any CPU.Build.0 = Debug|Any CPU
		{230DBA74-C12B-4C69-BCCF-D201A8FDDEA9}.Release|Any CPU.ActiveCfg = Release|Any CPU
		{230DBA74-C12B-4C69-BCCF-D201A8FDDEA9}.Release|Any CPU.Build.0 = Release|Any CPU
		{EF99403D-696F-436C-A20D-918FE3AB53C3}.Debug|Any CPU.ActiveCfg = Debug|Any CPU
		{EF99403D-696F-436C-A20D-918FE3AB53C3}.Debug|Any CPU.Build.0 = Debug|Any CPU
		{EF99403D-696F-436C-A20D-918FE3AB53C3}.Release|Any CPU.ActiveCfg = Release|Any CPU
		{EF99403D-696F-436C-A20D-918FE3AB53C3}.Release|Any CPU.Build.0 = Release|Any CPU
		{2E4A2EE3-F1E5-40F6-836D-08AD7DDCEC91}.Debug|Any CPU.ActiveCfg = Debug|Any CPU
		{2E4A2EE3-F1E5-40F6-836D-08AD7DDCEC91}.Debug|Any CPU.Build.0 = Debug|Any CPU
		{2E4A2EE3-F1E5-40F6-836D-08AD7DDCEC91}.Release|Any CPU.ActiveCfg = Release|Any CPU
		{2E4A2EE3-F1E5-40F6-836D-08AD7DDCEC91}.Release|Any CPU.Build.0 = Release|Any CPU
		{CC695E66-911A-49E5-85E5-1D534FEF4DDA}.Debug|Any CPU.ActiveCfg = Debug|Any CPU
		{CC695E66-911A-49E5-85E5-1D534FEF4DDA}.Debug|Any CPU.Build.0 = Debug|Any CPU
		{CC695E66-911A-49E5-85E5-1D534FEF4DDA}.Release|Any CPU.ActiveCfg = Release|Any CPU
		{CC695E66-911A-49E5-85E5-1D534FEF4DDA}.Release|Any CPU.Build.0 = Release|Any CPU
		{A96DC7C5-30C5-4340-8313-7985F231834A}.Debug|Any CPU.ActiveCfg = Debug|Any CPU
		{A96DC7C5-30C5-4340-8313-7985F231834A}.Debug|Any CPU.Build.0 = Debug|Any CPU
		{A96DC7C5-30C5-4340-8313-7985F231834A}.Release|Any CPU.ActiveCfg = Release|Any CPU
		{A96DC7C5-30C5-4340-8313-7985F231834A}.Release|Any CPU.Build.0 = Release|Any CPU
		{7DE82A05-5D5C-40D8-AFBD-761FCD09E9DE}.Debug|Any CPU.ActiveCfg = Debug|Any CPU
		{7DE82A05-5D5C-40D8-AFBD-761FCD09E9DE}.Debug|Any CPU.Build.0 = Debug|Any CPU
		{7DE82A05-5D5C-40D8-AFBD-761FCD09E9DE}.Release|Any CPU.ActiveCfg = Release|Any CPU
		{7DE82A05-5D5C-40D8-AFBD-761FCD09E9DE}.Release|Any CPU.Build.0 = Release|Any CPU
		{903838D5-4606-4194-80A0-CE7BC53E25A5}.Debug|Any CPU.ActiveCfg = Debug|Any CPU
		{903838D5-4606-4194-80A0-CE7BC53E25A5}.Debug|Any CPU.Build.0 = Debug|Any CPU
		{903838D5-4606-4194-80A0-CE7BC53E25A5}.Release|Any CPU.ActiveCfg = Release|Any CPU
		{903838D5-4606-4194-80A0-CE7BC53E25A5}.Release|Any CPU.Build.0 = Release|Any CPU
		{7A16A83A-231D-4467-9668-00415F97B5E5}.Debug|Any CPU.ActiveCfg = Debug|Any CPU
		{7A16A83A-231D-4467-9668-00415F97B5E5}.Debug|Any CPU.Build.0 = Debug|Any CPU
		{7A16A83A-231D-4467-9668-00415F97B5E5}.Release|Any CPU.ActiveCfg = Release|Any CPU
		{7A16A83A-231D-4467-9668-00415F97B5E5}.Release|Any CPU.Build.0 = Release|Any CPU
		{1DEA8F32-6FEA-44A1-AB8B-5CA71CCD51F1}.Debug|Any CPU.ActiveCfg = Debug|Any CPU
		{1DEA8F32-6FEA-44A1-AB8B-5CA71CCD51F1}.Debug|Any CPU.Build.0 = Debug|Any CPU
		{1DEA8F32-6FEA-44A1-AB8B-5CA71CCD51F1}.Release|Any CPU.ActiveCfg = Release|Any CPU
		{1DEA8F32-6FEA-44A1-AB8B-5CA71CCD51F1}.Release|Any CPU.Build.0 = Release|Any CPU
		{D811C068-F24A-4409-8A08-F05347F3EACA}.Debug|Any CPU.ActiveCfg = Debug|Any CPU
		{D811C068-F24A-4409-8A08-F05347F3EACA}.Debug|Any CPU.Build.0 = Debug|Any CPU
		{D811C068-F24A-4409-8A08-F05347F3EACA}.Release|Any CPU.ActiveCfg = Release|Any CPU
		{D811C068-F24A-4409-8A08-F05347F3EACA}.Release|Any CPU.Build.0 = Release|Any CPU
		{6CCED202-59E2-4771-B703-0DEB2DBAC9F4}.Debug|Any CPU.ActiveCfg = Debug|Any CPU
		{6CCED202-59E2-4771-B703-0DEB2DBAC9F4}.Debug|Any CPU.Build.0 = Debug|Any CPU
		{6CCED202-59E2-4771-B703-0DEB2DBAC9F4}.Release|Any CPU.ActiveCfg = Release|Any CPU
		{6CCED202-59E2-4771-B703-0DEB2DBAC9F4}.Release|Any CPU.Build.0 = Release|Any CPU
		{3400906C-317B-4324-A5C5-283466EB77B5}.Debug|Any CPU.ActiveCfg = Debug|Any CPU
		{3400906C-317B-4324-A5C5-283466EB77B5}.Debug|Any CPU.Build.0 = Debug|Any CPU
		{3400906C-317B-4324-A5C5-283466EB77B5}.Release|Any CPU.ActiveCfg = Release|Any CPU
		{3400906C-317B-4324-A5C5-283466EB77B5}.Release|Any CPU.Build.0 = Release|Any CPU
		{E12B80CA-5652-4565-9541-418756271701}.Debug|Any CPU.ActiveCfg = Debug|Any CPU
		{E12B80CA-5652-4565-9541-418756271701}.Debug|Any CPU.Build.0 = Debug|Any CPU
		{E12B80CA-5652-4565-9541-418756271701}.Release|Any CPU.ActiveCfg = Release|Any CPU
		{E12B80CA-5652-4565-9541-418756271701}.Release|Any CPU.Build.0 = Release|Any CPU
		{C8E5686B-3150-4401-8052-32BD93D3BCCC}.Debug|Any CPU.ActiveCfg = Debug|Any CPU
		{C8E5686B-3150-4401-8052-32BD93D3BCCC}.Debug|Any CPU.Build.0 = Debug|Any CPU
		{C8E5686B-3150-4401-8052-32BD93D3BCCC}.Release|Any CPU.ActiveCfg = Release|Any CPU
		{C8E5686B-3150-4401-8052-32BD93D3BCCC}.Release|Any CPU.Build.0 = Release|Any CPU
		{45246B35-E80A-4CDE-9468-FE4453607EC5}.Debug|Any CPU.ActiveCfg = Debug|Any CPU
		{45246B35-E80A-4CDE-9468-FE4453607EC5}.Debug|Any CPU.Build.0 = Debug|Any CPU
		{45246B35-E80A-4CDE-9468-FE4453607EC5}.Release|Any CPU.ActiveCfg = Release|Any CPU
		{45246B35-E80A-4CDE-9468-FE4453607EC5}.Release|Any CPU.Build.0 = Release|Any CPU
		{D150EEAE-8AD9-45DE-A80C-B5F44CF8137F}.Debug|Any CPU.ActiveCfg = Debug|Any CPU
		{D150EEAE-8AD9-45DE-A80C-B5F44CF8137F}.Debug|Any CPU.Build.0 = Debug|Any CPU
		{D150EEAE-8AD9-45DE-A80C-B5F44CF8137F}.Release|Any CPU.ActiveCfg = Release|Any CPU
		{D150EEAE-8AD9-45DE-A80C-B5F44CF8137F}.Release|Any CPU.Build.0 = Release|Any CPU
		{F82F50EC-A94B-4DEB-8AAA-D3C5DE473B17}.Debug|Any CPU.ActiveCfg = Debug|Any CPU
		{F82F50EC-A94B-4DEB-8AAA-D3C5DE473B17}.Debug|Any CPU.Build.0 = Debug|Any CPU
		{F82F50EC-A94B-4DEB-8AAA-D3C5DE473B17}.Release|Any CPU.ActiveCfg = Release|Any CPU
		{F82F50EC-A94B-4DEB-8AAA-D3C5DE473B17}.Release|Any CPU.Build.0 = Release|Any CPU
		{DC8E99C9-5ABD-410E-9839-575BF8C4EB78}.Debug|Any CPU.ActiveCfg = Debug|Any CPU
		{DC8E99C9-5ABD-410E-9839-575BF8C4EB78}.Debug|Any CPU.Build.0 = Debug|Any CPU
		{DC8E99C9-5ABD-410E-9839-575BF8C4EB78}.Release|Any CPU.ActiveCfg = Release|Any CPU
		{DC8E99C9-5ABD-410E-9839-575BF8C4EB78}.Release|Any CPU.Build.0 = Release|Any CPU
	EndGlobalSection
	GlobalSection(SolutionProperties) = preSolution
		HideSolutionNode = FALSE
	EndGlobalSection
	GlobalSection(ExtensibilityGlobals) = postSolution
		SolutionGuid = {BA83B937-F683-4ECD-A147-BA647986784E}
	EndGlobalSection
EndGlobal
