
Microsoft Visual Studio Solution File, Format Version 12.00
# Visual Studio Version 17
VisualStudioVersion = 17.11.35222.181
MinimumVisualStudioVersion = 10.0.40219.1
Project("{9A19103F-16F7-4668-BE54-9A1E7A4F7556}") = "Bouteille", "Bouteille\Bouteille.csproj", "{A01A1A42-0D9B-44E0-A56E-CA02FEE7280A}"
EndProject
Project("{9A19103F-16F7-4668-BE54-9A1E7A4F7556}") = "Bouteille_main", "Bouteille_main\Bouteille_main.csproj", "{A8522718-FB07-4070-A991-F8DC8BE183BA}"
EndProject
Project("{9A19103F-16F7-4668-BE54-9A1E7A4F7556}") = "Lepi", "Lepidoptere\Lepi.csproj", "{94B021ED-06E2-4B49-A7E3-8A74A9997CEB}"
EndProject
Project("{9A19103F-16F7-4668-BE54-9A1E7A4F7556}") = "Lepidoptere_main", "Lepidoptere_main\Lepidoptere_main.csproj", "{9C171DAD-2B31-46DA-8D52-68A7B93AD496}"
EndProject
Project("{9A19103F-16F7-4668-BE54-9A1E7A4F7556}") = "Voit", "Voit\Voit.csproj", "{7C43131F-7871-4713-A9F6-1BC4E28C3F08}"
EndProject
Project("{9A19103F-16F7-4668-BE54-9A1E7A4F7556}") = "Voit_Main", "Voit_Main\Voit_Main.csproj", "{ADF60205-8EE9-4E23-99C9-130F3EBE815A}"
EndProject
Project("{FAE04EC0-301F-11D3-BF4B-00C04F79EFBC}") = "ClassLibrary_Compte", "ClassLibrary_Compte\ClassLibrary_Compte.csproj", "{B3F2BC2D-616D-4973-A50A-59528B431AD9}"
EndProject
Global
	GlobalSection(SolutionConfigurationPlatforms) = preSolution
		Debug|Any CPU = Debug|Any CPU
		Release|Any CPU = Release|Any CPU
	EndGlobalSection
	GlobalSection(ProjectConfigurationPlatforms) = postSolution
		{A01A1A42-0D9B-44E0-A56E-CA02FEE7280A}.Debug|Any CPU.ActiveCfg = Debug|Any CPU
		{A01A1A42-0D9B-44E0-A56E-CA02FEE7280A}.Debug|Any CPU.Build.0 = Debug|Any CPU
		{A01A1A42-0D9B-44E0-A56E-CA02FEE7280A}.Release|Any CPU.ActiveCfg = Release|Any CPU
		{A01A1A42-0D9B-44E0-A56E-CA02FEE7280A}.Release|Any CPU.Build.0 = Release|Any CPU
		{A8522718-FB07-4070-A991-F8DC8BE183BA}.Debug|Any CPU.ActiveCfg = Debug|Any CPU
		{A8522718-FB07-4070-A991-F8DC8BE183BA}.Debug|Any CPU.Build.0 = Debug|Any CPU
		{A8522718-FB07-4070-A991-F8DC8BE183BA}.Release|Any CPU.ActiveCfg = Release|Any CPU
		{A8522718-FB07-4070-A991-F8DC8BE183BA}.Release|Any CPU.Build.0 = Release|Any CPU
		{94B021ED-06E2-4B49-A7E3-8A74A9997CEB}.Debug|Any CPU.ActiveCfg = Debug|Any CPU
		{94B021ED-06E2-4B49-A7E3-8A74A9997CEB}.Debug|Any CPU.Build.0 = Debug|Any CPU
		{94B021ED-06E2-4B49-A7E3-8A74A9997CEB}.Release|Any CPU.ActiveCfg = Release|Any CPU
		{94B021ED-06E2-4B49-A7E3-8A74A9997CEB}.Release|Any CPU.Build.0 = Release|Any CPU
		{9C171DAD-2B31-46DA-8D52-68A7B93AD496}.Debug|Any CPU.ActiveCfg = Debug|Any CPU
		{9C171DAD-2B31-46DA-8D52-68A7B93AD496}.Debug|Any CPU.Build.0 = Debug|Any CPU
		{9C171DAD-2B31-46DA-8D52-68A7B93AD496}.Release|Any CPU.ActiveCfg = Release|Any CPU
		{9C171DAD-2B31-46DA-8D52-68A7B93AD496}.Release|Any CPU.Build.0 = Release|Any CPU
		{7C43131F-7871-4713-A9F6-1BC4E28C3F08}.Debug|Any CPU.ActiveCfg = Debug|Any CPU
		{7C43131F-7871-4713-A9F6-1BC4E28C3F08}.Debug|Any CPU.Build.0 = Debug|Any CPU
		{7C43131F-7871-4713-A9F6-1BC4E28C3F08}.Release|Any CPU.ActiveCfg = Release|Any CPU
		{7C43131F-7871-4713-A9F6-1BC4E28C3F08}.Release|Any CPU.Build.0 = Release|Any CPU
		{ADF60205-8EE9-4E23-99C9-130F3EBE815A}.Debug|Any CPU.ActiveCfg = Debug|Any CPU
		{ADF60205-8EE9-4E23-99C9-130F3EBE815A}.Debug|Any CPU.Build.0 = Debug|Any CPU
		{ADF60205-8EE9-4E23-99C9-130F3EBE815A}.Release|Any CPU.ActiveCfg = Release|Any CPU
		{ADF60205-8EE9-4E23-99C9-130F3EBE815A}.Release|Any CPU.Build.0 = Release|Any CPU
		{B3F2BC2D-616D-4973-A50A-59528B431AD9}.Debug|Any CPU.ActiveCfg = Debug|Any CPU
		{B3F2BC2D-616D-4973-A50A-59528B431AD9}.Debug|Any CPU.Build.0 = Debug|Any CPU
		{B3F2BC2D-616D-4973-A50A-59528B431AD9}.Release|Any CPU.ActiveCfg = Release|Any CPU
		{B3F2BC2D-616D-4973-A50A-59528B431AD9}.Release|Any CPU.Build.0 = Release|Any CPU
	EndGlobalSection
	GlobalSection(SolutionProperties) = preSolution
		HideSolutionNode = FALSE
	EndGlobalSection
	GlobalSection(ExtensibilityGlobals) = postSolution
		SolutionGuid = {B7766326-FF38-4E90-BD86-039C194C4302}
	EndGlobalSection
EndGlobal
