
Microsoft Visual Studio Solution File, Format Version 12.00
# Visual Studio Version 17
VisualStudioVersion = 17.11.35219.272
MinimumVisualStudioVersion = 10.0.40219.1
Project("{9A19103F-16F7-4668-BE54-9A1E7A4F7556}") = "00_WF_Additionneur", "WF_Additionneur\00_WF_Additionneur.csproj", "{694C922A-9C3F-4B2A-9895-E2EEFE60C8C6}"
EndProject
Project("{9A19103F-16F7-4668-BE54-9A1E7A4F7556}") = "01_CL_RegleDeControle", "01_CL_RegleDeControle\01_CL_RegleDeControle.csproj", "{9B4E78D3-82F4-4FE7-9FC2-BF66AECE421B}"
EndProject
Project("{9A19103F-16F7-4668-BE54-9A1E7A4F7556}") = "01_WF_Controles", "01_WF_Controles\01_WF_Controles.csproj", "{53FC653C-B90F-4F75-92E0-3CF9528D4155}"
EndProject
Project("{2150E333-8FDC-42A3-9474-1A3956D46DE8}") = "01_Additionneur", "01_Additionneur", "{2D017717-906F-4BC6-A9DD-AB6598C9EEF5}"
EndProject
Project("{2150E333-8FDC-42A3-9474-1A3956D46DE8}") = "02_Controles", "02_Controles", "{FC2F0634-8DAD-4D09-85C3-7C0D6EFA2263}"
EndProject
Project("{9A19103F-16F7-4668-BE54-9A1E7A4F7556}") = "01_CL_Achat", "01_CL_Achat\01_CL_Achat.csproj", "{27DDC77B-E9AA-4065-9D71-E123C3FF5D94}"
EndProject
Project("{9A19103F-16F7-4668-BE54-9A1E7A4F7556}") = "01_CA_Controles", "01_CA_Controles\01_CA_Controles.csproj", "{6A1B442C-738F-4747-86B9-816AF11A3EB5}"
EndProject
Project("{9A19103F-16F7-4668-BE54-9A1E7A4F7556}") = "WF_CheckBoxEtRadioButton", "WF_CheckBoxEtRadioButton\WF_CheckBoxEtRadioButton.csproj", "{CFE3D583-D1B6-42DE-97A4-4792F0035BA4}"
EndProject
Project("{9A19103F-16F7-4668-BE54-9A1E7A4F7556}") = "01_WF_Validation", "01_WF_Validation\01_WF_Validation.csproj", "{932F2F35-DCBD-40BA-A94E-1D888B369C81}"
EndProject
Project("{9A19103F-16F7-4668-BE54-9A1E7A4F7556}") = "01_WF_ControlesEP", "01_WF_ControlesEP\01_WF_ControlesEP.csproj", "{5FE40330-5E0C-4EE9-BA4A-45E3FA29E4AB}"
EndProject
Project("{2150E333-8FDC-42A3-9474-1A3956D46DE8}") = "NewFolder1", "NewFolder1", "{4D14BB67-FF6D-4420-8C5B-DF4E4F20710D}"
EndProject
Project("{9A19103F-16F7-4668-BE54-9A1E7A4F7556}") = "WFControlDisBonjour", "WFControlDisBonjour\WFControlDisBonjour.csproj", "{4C5B03DA-D610-49B5-BFFC-F4C522D5C493}"
EndProject
Project("{9A19103F-16F7-4668-BE54-9A1E7A4F7556}") = "WFAppControlEvenement", "WFAppControlEvenement\WFAppControlEvenement.csproj", "{37D2278E-8B91-4418-970E-8B0BB264F8BD}"
EndProject
Project("{2150E333-8FDC-42A3-9474-1A3956D46DE8}") = "03_CheckboxRadio", "03_CheckboxRadio", "{A9B2C4A3-2EAE-4300-827F-53CC79007F61}"
EndProject
Project("{9A19103F-16F7-4668-BE54-9A1E7A4F7556}") = "WF_Liste", "WF_Liste\WF_Liste.csproj", "{4FE7C1C1-ED54-472E-BF08-E1AEA9392576}"
EndProject
Project("{2150E333-8FDC-42A3-9474-1A3956D46DE8}") = "04_Liste", "04_Liste", "{78D5FDF8-09A3-421F-B7A5-981A032B5159}"
EndProject
Project("{9A19103F-16F7-4668-BE54-9A1E7A4F7556}") = "CL_Item", "CL_Item\CL_Item.csproj", "{E8122300-C261-4B88-95F3-2DD098FB3118}"
EndProject
Project("{9A19103F-16F7-4668-BE54-9A1E7A4F7556}") = "WF_ListeCombo", "WF_ListeCombo\WF_ListeCombo.csproj", "{CEABE351-EAEB-4C68-B5E1-BC4F8898AFB9}"
EndProject
Project("{9A19103F-16F7-4668-BE54-9A1E7A4F7556}") = "CL_Pays", "CL_Pays\CL_Pays.csproj", "{B10913AB-D3CD-45A0-B843-5BE46D85D4AA}"
EndProject
Project("{2150E333-8FDC-42A3-9474-1A3956D46DE8}") = "05_ListeCombo", "05_ListeCombo", "{C1110F90-CE83-4CEA-B0AC-DED401D76FE0}"
EndProject
Project("{9A19103F-16F7-4668-BE54-9A1E7A4F7556}") = "WF_Defilement", "WF_Defilement\WF_Defilement.csproj", "{A2F75828-1133-472D-9601-BDC4FC7A2F20}"
EndProject
Project("{2150E333-8FDC-42A3-9474-1A3956D46DE8}") = "06_Defilement", "06_Defilement", "{42A72627-B86E-4C3F-A0CF-91A9AC7D3D08}"
EndProject
Project("{9A19103F-16F7-4668-BE54-9A1E7A4F7556}") = "WF_Emprunts", "WF_Emprunts\WF_Emprunts.csproj", "{ED6FBC19-8F78-400B-BE4D-BC040DE20527}"
EndProject
Project("{9A19103F-16F7-4668-BE54-9A1E7A4F7556}") = "CL_Loan", "CL_Loan\CL_Loan.csproj", "{742ACE50-BB47-4C73-B7E8-BD9D42239EC5}"
EndProject
Project("{2150E333-8FDC-42A3-9474-1A3956D46DE8}") = "07_Emprunts", "07_Emprunts", "{2F751410-32A3-4B42-A120-32B978CEF42A}"
EndProject
Project("{2150E333-8FDC-42A3-9474-1A3956D46DE8}") = "08_Menu", "08_Menu", "{CFA71F84-AE7C-4F59-833D-2FC85EC22F0E}"
EndProject
Project("{9A19103F-16F7-4668-BE54-9A1E7A4F7556}") = "WF_Menu", "WF_Menu\WF_Menu.csproj", "{49BE310C-20F3-46EE-B529-F1CC3694BB38}"
EndProject
Project("{FAE04EC0-301F-11D3-BF4B-00C04F79EFBC}") = "WF_MDI", "WF_MDI\WF_MDI.csproj", "{9581271C-2731-47DD-BB52-93BA76C67F67}"
EndProject
Global
	GlobalSection(SolutionConfigurationPlatforms) = preSolution
		Debug|Any CPU = Debug|Any CPU
		Release|Any CPU = Release|Any CPU
	EndGlobalSection
	GlobalSection(ProjectConfigurationPlatforms) = postSolution
		{694C922A-9C3F-4B2A-9895-E2EEFE60C8C6}.Debug|Any CPU.ActiveCfg = Debug|Any CPU
		{694C922A-9C3F-4B2A-9895-E2EEFE60C8C6}.Debug|Any CPU.Build.0 = Debug|Any CPU
		{694C922A-9C3F-4B2A-9895-E2EEFE60C8C6}.Release|Any CPU.ActiveCfg = Release|Any CPU
		{694C922A-9C3F-4B2A-9895-E2EEFE60C8C6}.Release|Any CPU.Build.0 = Release|Any CPU
		{9B4E78D3-82F4-4FE7-9FC2-BF66AECE421B}.Debug|Any CPU.ActiveCfg = Debug|Any CPU
		{9B4E78D3-82F4-4FE7-9FC2-BF66AECE421B}.Debug|Any CPU.Build.0 = Debug|Any CPU
		{9B4E78D3-82F4-4FE7-9FC2-BF66AECE421B}.Release|Any CPU.ActiveCfg = Release|Any CPU
		{9B4E78D3-82F4-4FE7-9FC2-BF66AECE421B}.Release|Any CPU.Build.0 = Release|Any CPU
		{53FC653C-B90F-4F75-92E0-3CF9528D4155}.Debug|Any CPU.ActiveCfg = Debug|Any CPU
		{53FC653C-B90F-4F75-92E0-3CF9528D4155}.Debug|Any CPU.Build.0 = Debug|Any CPU
		{53FC653C-B90F-4F75-92E0-3CF9528D4155}.Release|Any CPU.ActiveCfg = Release|Any CPU
		{53FC653C-B90F-4F75-92E0-3CF9528D4155}.Release|Any CPU.Build.0 = Release|Any CPU
		{27DDC77B-E9AA-4065-9D71-E123C3FF5D94}.Debug|Any CPU.ActiveCfg = Debug|Any CPU
		{27DDC77B-E9AA-4065-9D71-E123C3FF5D94}.Debug|Any CPU.Build.0 = Debug|Any CPU
		{27DDC77B-E9AA-4065-9D71-E123C3FF5D94}.Release|Any CPU.ActiveCfg = Release|Any CPU
		{27DDC77B-E9AA-4065-9D71-E123C3FF5D94}.Release|Any CPU.Build.0 = Release|Any CPU
		{6A1B442C-738F-4747-86B9-816AF11A3EB5}.Debug|Any CPU.ActiveCfg = Debug|Any CPU
		{6A1B442C-738F-4747-86B9-816AF11A3EB5}.Debug|Any CPU.Build.0 = Debug|Any CPU
		{6A1B442C-738F-4747-86B9-816AF11A3EB5}.Release|Any CPU.ActiveCfg = Release|Any CPU
		{6A1B442C-738F-4747-86B9-816AF11A3EB5}.Release|Any CPU.Build.0 = Release|Any CPU
		{CFE3D583-D1B6-42DE-97A4-4792F0035BA4}.Debug|Any CPU.ActiveCfg = Debug|Any CPU
		{CFE3D583-D1B6-42DE-97A4-4792F0035BA4}.Debug|Any CPU.Build.0 = Debug|Any CPU
		{CFE3D583-D1B6-42DE-97A4-4792F0035BA4}.Release|Any CPU.ActiveCfg = Release|Any CPU
		{CFE3D583-D1B6-42DE-97A4-4792F0035BA4}.Release|Any CPU.Build.0 = Release|Any CPU
		{932F2F35-DCBD-40BA-A94E-1D888B369C81}.Debug|Any CPU.ActiveCfg = Debug|Any CPU
		{932F2F35-DCBD-40BA-A94E-1D888B369C81}.Debug|Any CPU.Build.0 = Debug|Any CPU
		{932F2F35-DCBD-40BA-A94E-1D888B369C81}.Release|Any CPU.ActiveCfg = Release|Any CPU
		{932F2F35-DCBD-40BA-A94E-1D888B369C81}.Release|Any CPU.Build.0 = Release|Any CPU
		{5FE40330-5E0C-4EE9-BA4A-45E3FA29E4AB}.Debug|Any CPU.ActiveCfg = Debug|Any CPU
		{5FE40330-5E0C-4EE9-BA4A-45E3FA29E4AB}.Debug|Any CPU.Build.0 = Debug|Any CPU
		{5FE40330-5E0C-4EE9-BA4A-45E3FA29E4AB}.Release|Any CPU.ActiveCfg = Release|Any CPU
		{5FE40330-5E0C-4EE9-BA4A-45E3FA29E4AB}.Release|Any CPU.Build.0 = Release|Any CPU
		{4C5B03DA-D610-49B5-BFFC-F4C522D5C493}.Debug|Any CPU.ActiveCfg = Debug|Any CPU
		{4C5B03DA-D610-49B5-BFFC-F4C522D5C493}.Debug|Any CPU.Build.0 = Debug|Any CPU
		{4C5B03DA-D610-49B5-BFFC-F4C522D5C493}.Release|Any CPU.ActiveCfg = Release|Any CPU
		{4C5B03DA-D610-49B5-BFFC-F4C522D5C493}.Release|Any CPU.Build.0 = Release|Any CPU
		{37D2278E-8B91-4418-970E-8B0BB264F8BD}.Debug|Any CPU.ActiveCfg = Debug|Any CPU
		{37D2278E-8B91-4418-970E-8B0BB264F8BD}.Debug|Any CPU.Build.0 = Debug|Any CPU
		{37D2278E-8B91-4418-970E-8B0BB264F8BD}.Release|Any CPU.ActiveCfg = Release|Any CPU
		{37D2278E-8B91-4418-970E-8B0BB264F8BD}.Release|Any CPU.Build.0 = Release|Any CPU
		{4FE7C1C1-ED54-472E-BF08-E1AEA9392576}.Debug|Any CPU.ActiveCfg = Debug|Any CPU
		{4FE7C1C1-ED54-472E-BF08-E1AEA9392576}.Debug|Any CPU.Build.0 = Debug|Any CPU
		{4FE7C1C1-ED54-472E-BF08-E1AEA9392576}.Release|Any CPU.ActiveCfg = Release|Any CPU
		{4FE7C1C1-ED54-472E-BF08-E1AEA9392576}.Release|Any CPU.Build.0 = Release|Any CPU
		{E8122300-C261-4B88-95F3-2DD098FB3118}.Debug|Any CPU.ActiveCfg = Debug|Any CPU
		{E8122300-C261-4B88-95F3-2DD098FB3118}.Debug|Any CPU.Build.0 = Debug|Any CPU
		{E8122300-C261-4B88-95F3-2DD098FB3118}.Release|Any CPU.ActiveCfg = Release|Any CPU
		{E8122300-C261-4B88-95F3-2DD098FB3118}.Release|Any CPU.Build.0 = Release|Any CPU
		{CEABE351-EAEB-4C68-B5E1-BC4F8898AFB9}.Debug|Any CPU.ActiveCfg = Debug|Any CPU
		{CEABE351-EAEB-4C68-B5E1-BC4F8898AFB9}.Debug|Any CPU.Build.0 = Debug|Any CPU
		{CEABE351-EAEB-4C68-B5E1-BC4F8898AFB9}.Release|Any CPU.ActiveCfg = Release|Any CPU
		{CEABE351-EAEB-4C68-B5E1-BC4F8898AFB9}.Release|Any CPU.Build.0 = Release|Any CPU
		{B10913AB-D3CD-45A0-B843-5BE46D85D4AA}.Debug|Any CPU.ActiveCfg = Debug|Any CPU
		{B10913AB-D3CD-45A0-B843-5BE46D85D4AA}.Debug|Any CPU.Build.0 = Debug|Any CPU
		{B10913AB-D3CD-45A0-B843-5BE46D85D4AA}.Release|Any CPU.ActiveCfg = Release|Any CPU
		{B10913AB-D3CD-45A0-B843-5BE46D85D4AA}.Release|Any CPU.Build.0 = Release|Any CPU
		{A2F75828-1133-472D-9601-BDC4FC7A2F20}.Debug|Any CPU.ActiveCfg = Debug|Any CPU
		{A2F75828-1133-472D-9601-BDC4FC7A2F20}.Debug|Any CPU.Build.0 = Debug|Any CPU
		{A2F75828-1133-472D-9601-BDC4FC7A2F20}.Release|Any CPU.ActiveCfg = Release|Any CPU
		{A2F75828-1133-472D-9601-BDC4FC7A2F20}.Release|Any CPU.Build.0 = Release|Any CPU
		{ED6FBC19-8F78-400B-BE4D-BC040DE20527}.Debug|Any CPU.ActiveCfg = Debug|Any CPU
		{ED6FBC19-8F78-400B-BE4D-BC040DE20527}.Debug|Any CPU.Build.0 = Debug|Any CPU
		{ED6FBC19-8F78-400B-BE4D-BC040DE20527}.Release|Any CPU.ActiveCfg = Release|Any CPU
		{ED6FBC19-8F78-400B-BE4D-BC040DE20527}.Release|Any CPU.Build.0 = Release|Any CPU
		{742ACE50-BB47-4C73-B7E8-BD9D42239EC5}.Debug|Any CPU.ActiveCfg = Debug|Any CPU
		{742ACE50-BB47-4C73-B7E8-BD9D42239EC5}.Debug|Any CPU.Build.0 = Debug|Any CPU
		{742ACE50-BB47-4C73-B7E8-BD9D42239EC5}.Release|Any CPU.ActiveCfg = Release|Any CPU
		{742ACE50-BB47-4C73-B7E8-BD9D42239EC5}.Release|Any CPU.Build.0 = Release|Any CPU
		{49BE310C-20F3-46EE-B529-F1CC3694BB38}.Debug|Any CPU.ActiveCfg = Debug|Any CPU
		{49BE310C-20F3-46EE-B529-F1CC3694BB38}.Debug|Any CPU.Build.0 = Debug|Any CPU
		{49BE310C-20F3-46EE-B529-F1CC3694BB38}.Release|Any CPU.ActiveCfg = Release|Any CPU
		{49BE310C-20F3-46EE-B529-F1CC3694BB38}.Release|Any CPU.Build.0 = Release|Any CPU
		{9581271C-2731-47DD-BB52-93BA76C67F67}.Debug|Any CPU.ActiveCfg = Debug|Any CPU
		{9581271C-2731-47DD-BB52-93BA76C67F67}.Debug|Any CPU.Build.0 = Debug|Any CPU
		{9581271C-2731-47DD-BB52-93BA76C67F67}.Release|Any CPU.ActiveCfg = Release|Any CPU
		{9581271C-2731-47DD-BB52-93BA76C67F67}.Release|Any CPU.Build.0 = Release|Any CPU
	EndGlobalSection
	GlobalSection(SolutionProperties) = preSolution
		HideSolutionNode = FALSE
	EndGlobalSection
	GlobalSection(NestedProjects) = preSolution
		{694C922A-9C3F-4B2A-9895-E2EEFE60C8C6} = {2D017717-906F-4BC6-A9DD-AB6598C9EEF5}
		{9B4E78D3-82F4-4FE7-9FC2-BF66AECE421B} = {FC2F0634-8DAD-4D09-85C3-7C0D6EFA2263}
		{53FC653C-B90F-4F75-92E0-3CF9528D4155} = {FC2F0634-8DAD-4D09-85C3-7C0D6EFA2263}
		{27DDC77B-E9AA-4065-9D71-E123C3FF5D94} = {FC2F0634-8DAD-4D09-85C3-7C0D6EFA2263}
		{6A1B442C-738F-4747-86B9-816AF11A3EB5} = {FC2F0634-8DAD-4D09-85C3-7C0D6EFA2263}
		{CFE3D583-D1B6-42DE-97A4-4792F0035BA4} = {A9B2C4A3-2EAE-4300-827F-53CC79007F61}
		{932F2F35-DCBD-40BA-A94E-1D888B369C81} = {FC2F0634-8DAD-4D09-85C3-7C0D6EFA2263}
		{5FE40330-5E0C-4EE9-BA4A-45E3FA29E4AB} = {FC2F0634-8DAD-4D09-85C3-7C0D6EFA2263}
		{4C5B03DA-D610-49B5-BFFC-F4C522D5C493} = {4D14BB67-FF6D-4420-8C5B-DF4E4F20710D}
		{37D2278E-8B91-4418-970E-8B0BB264F8BD} = {4D14BB67-FF6D-4420-8C5B-DF4E4F20710D}
		{4FE7C1C1-ED54-472E-BF08-E1AEA9392576} = {78D5FDF8-09A3-421F-B7A5-981A032B5159}
		{E8122300-C261-4B88-95F3-2DD098FB3118} = {78D5FDF8-09A3-421F-B7A5-981A032B5159}
		{CEABE351-EAEB-4C68-B5E1-BC4F8898AFB9} = {C1110F90-CE83-4CEA-B0AC-DED401D76FE0}
		{B10913AB-D3CD-45A0-B843-5BE46D85D4AA} = {C1110F90-CE83-4CEA-B0AC-DED401D76FE0}
		{A2F75828-1133-472D-9601-BDC4FC7A2F20} = {42A72627-B86E-4C3F-A0CF-91A9AC7D3D08}
		{ED6FBC19-8F78-400B-BE4D-BC040DE20527} = {2F751410-32A3-4B42-A120-32B978CEF42A}
		{742ACE50-BB47-4C73-B7E8-BD9D42239EC5} = {2F751410-32A3-4B42-A120-32B978CEF42A}
	EndGlobalSection
	GlobalSection(ExtensibilityGlobals) = postSolution
		SolutionGuid = {DE6C0A11-A614-4FA8-BD47-B0651E81B4D1}
	EndGlobalSection
EndGlobal
