
Microsoft Visual Studio Solution File, Format Version 12.00
# Visual Studio Version 17
VisualStudioVersion = 17.11.35219.272
MinimumVisualStudioVersion = 10.0.40219.1
Project("{FAE04EC0-301F-11D3-BF4B-00C04F79EFBC}") = "ClassLibIteratorPattern", "ClassLibIteratorPattern\ClassLibIteratorPattern.csproj", "{7BAAE436-7C33-4629-A3B5-E3DBCD02B939}"
EndProject
Project("{FAE04EC0-301F-11D3-BF4B-00C04F79EFBC}") = "ClassLibIteratorPatternGenerique", "ClassLibIteratorPatternGenerique\ClassLibIteratorPatternGenerique.csproj", "{E8DED107-6112-4F97-AD39-8D9157522D3D}"
EndProject
Project("{FAE04EC0-301F-11D3-BF4B-00C04F79EFBC}") = "ConsoleApplication", "ConsoleApplication\ConsoleApplication.csproj", "{B5F05253-F1DB-4225-AC37-F03049800837}"
EndProject
Project("{FAE04EC0-301F-11D3-BF4B-00C04F79EFBC}") = "ConsoleApplicationPatternGenerique", "ConsoleApplicationPatternGenerique\ConsoleApplicationPatternGenerique.csproj", "{F1A34A1B-E6FB-4F2A-9ED3-5C0C94D1076F}"
EndProject
Project("{2150E333-8FDC-42A3-9474-1A3956D46DE8}") = "Expression", "Expression", "{FBB933E7-2DD6-425B-A4EE-92A3C2B497BB}"
EndProject
Project("{2150E333-8FDC-42A3-9474-1A3956D46DE8}") = "Iterator", "Iterator", "{7A7FBCF6-51BD-42EF-AE3F-6F200405C774}"
EndProject
Project("{9A19103F-16F7-4668-BE54-9A1E7A4F7556}") = "CL_Expression", "CL_Expression\CL_Expression.csproj", "{B52CEB46-BE66-45BF-999B-057079178146}"
EndProject
Project("{9A19103F-16F7-4668-BE54-9A1E7A4F7556}") = "CA_Expression", "CA_Expression\CA_Expression.csproj", "{06F29770-F1E1-4B05-B95F-98C186E60EC2}"
EndProject
Project("{2150E333-8FDC-42A3-9474-1A3956D46DE8}") = "Composite", "Composite", "{767F1942-229D-428E-ADA8-32F3DB6519E4}"
EndProject
Project("{2150E333-8FDC-42A3-9474-1A3956D46DE8}") = "Figures", "Figures", "{12FD99C6-751C-4860-A7C2-370213B270B1}"
EndProject
Project("{9A19103F-16F7-4668-BE54-9A1E7A4F7556}") = "CL_Figure", "CL_Figure\CL_Figure.csproj", "{43BE5C05-D6C8-4DDF-91F5-6C271EBB9C3A}"
EndProject
Project("{2150E333-8FDC-42A3-9474-1A3956D46DE8}") = "Repertoires", "Repertoires", "{2D76AAF7-CEE1-48D6-83A8-573850B1329B}"
EndProject
Project("{9A19103F-16F7-4668-BE54-9A1E7A4F7556}") = "CL_Repertoire", "CL_Repertoire\CL_Repertoire.csproj", "{7609F4CA-2F40-4829-A083-8C25941BABB6}"
EndProject
Project("{9A19103F-16F7-4668-BE54-9A1E7A4F7556}") = "CA_Figure", "CA_Figure\CA_Figure.csproj", "{69D24943-A13F-4874-B920-CEA64F90E19D}"
EndProject
Project("{9A19103F-16F7-4668-BE54-9A1E7A4F7556}") = "WF_Figure", "WF_Figure\WF_Figure.csproj", "{AAA6593A-ACFE-4CE6-ACB3-96016B0E35F3}"
EndProject
Project("{2150E333-8FDC-42A3-9474-1A3956D46DE8}") = "Command", "Command", "{B85777E9-5068-41DB-A492-47567F08AD89}"
EndProject
Project("{2150E333-8FDC-42A3-9474-1A3956D46DE8}") = "EditeurTexte", "EditeurTexte", "{950DA4F7-2F22-4A48-8E21-B5789B15EFA8}"
EndProject
Project("{FAE04EC0-301F-11D3-BF4B-00C04F79EFBC}") = "CL_EditeurTexte", "CL_EditeurTexte\CL_EditeurTexte.csproj", "{B1D7AD7B-7413-48AC-8AF9-C6927FC8389C}"
EndProject
Project("{FAE04EC0-301F-11D3-BF4B-00C04F79EFBC}") = "CA_EditeurTexte", "CA_EditeurTexte\CA_EditeurTexte.csproj", "{40DFD83B-24A5-457C-B667-82AC9DAE2128}"
EndProject
Global
	GlobalSection(SolutionConfigurationPlatforms) = preSolution
		Debug|Any CPU = Debug|Any CPU
		Debug|x86 = Debug|x86
		Release|Any CPU = Release|Any CPU
		Release|x86 = Release|x86
	EndGlobalSection
	GlobalSection(ProjectConfigurationPlatforms) = postSolution
		{7BAAE436-7C33-4629-A3B5-E3DBCD02B939}.Debug|Any CPU.ActiveCfg = Debug|Any CPU
		{7BAAE436-7C33-4629-A3B5-E3DBCD02B939}.Debug|Any CPU.Build.0 = Debug|Any CPU
		{7BAAE436-7C33-4629-A3B5-E3DBCD02B939}.Debug|x86.ActiveCfg = Debug|Any CPU
		{7BAAE436-7C33-4629-A3B5-E3DBCD02B939}.Debug|x86.Build.0 = Debug|Any CPU
		{7BAAE436-7C33-4629-A3B5-E3DBCD02B939}.Release|Any CPU.ActiveCfg = Release|Any CPU
		{7BAAE436-7C33-4629-A3B5-E3DBCD02B939}.Release|Any CPU.Build.0 = Release|Any CPU
		{7BAAE436-7C33-4629-A3B5-E3DBCD02B939}.Release|x86.ActiveCfg = Release|Any CPU
		{7BAAE436-7C33-4629-A3B5-E3DBCD02B939}.Release|x86.Build.0 = Release|Any CPU
		{E8DED107-6112-4F97-AD39-8D9157522D3D}.Debug|Any CPU.ActiveCfg = Debug|Any CPU
		{E8DED107-6112-4F97-AD39-8D9157522D3D}.Debug|Any CPU.Build.0 = Debug|Any CPU
		{E8DED107-6112-4F97-AD39-8D9157522D3D}.Debug|x86.ActiveCfg = Debug|Any CPU
		{E8DED107-6112-4F97-AD39-8D9157522D3D}.Debug|x86.Build.0 = Debug|Any CPU
		{E8DED107-6112-4F97-AD39-8D9157522D3D}.Release|Any CPU.ActiveCfg = Release|Any CPU
		{E8DED107-6112-4F97-AD39-8D9157522D3D}.Release|Any CPU.Build.0 = Release|Any CPU
		{E8DED107-6112-4F97-AD39-8D9157522D3D}.Release|x86.ActiveCfg = Release|Any CPU
		{E8DED107-6112-4F97-AD39-8D9157522D3D}.Release|x86.Build.0 = Release|Any CPU
		{B5F05253-F1DB-4225-AC37-F03049800837}.Debug|Any CPU.ActiveCfg = Debug|x86
		{B5F05253-F1DB-4225-AC37-F03049800837}.Debug|Any CPU.Build.0 = Debug|x86
		{B5F05253-F1DB-4225-AC37-F03049800837}.Debug|x86.ActiveCfg = Debug|x86
		{B5F05253-F1DB-4225-AC37-F03049800837}.Debug|x86.Build.0 = Debug|x86
		{B5F05253-F1DB-4225-AC37-F03049800837}.Release|Any CPU.ActiveCfg = Release|x86
		{B5F05253-F1DB-4225-AC37-F03049800837}.Release|Any CPU.Build.0 = Release|x86
		{B5F05253-F1DB-4225-AC37-F03049800837}.Release|x86.ActiveCfg = Release|x86
		{B5F05253-F1DB-4225-AC37-F03049800837}.Release|x86.Build.0 = Release|x86
		{F1A34A1B-E6FB-4F2A-9ED3-5C0C94D1076F}.Debug|Any CPU.ActiveCfg = Debug|x86
		{F1A34A1B-E6FB-4F2A-9ED3-5C0C94D1076F}.Debug|Any CPU.Build.0 = Debug|x86
		{F1A34A1B-E6FB-4F2A-9ED3-5C0C94D1076F}.Debug|x86.ActiveCfg = Debug|x86
		{F1A34A1B-E6FB-4F2A-9ED3-5C0C94D1076F}.Debug|x86.Build.0 = Debug|x86
		{F1A34A1B-E6FB-4F2A-9ED3-5C0C94D1076F}.Release|Any CPU.ActiveCfg = Release|x86
		{F1A34A1B-E6FB-4F2A-9ED3-5C0C94D1076F}.Release|Any CPU.Build.0 = Release|x86
		{F1A34A1B-E6FB-4F2A-9ED3-5C0C94D1076F}.Release|x86.ActiveCfg = Release|x86
		{F1A34A1B-E6FB-4F2A-9ED3-5C0C94D1076F}.Release|x86.Build.0 = Release|x86
		{B52CEB46-BE66-45BF-999B-057079178146}.Debug|Any CPU.ActiveCfg = Debug|Any CPU
		{B52CEB46-BE66-45BF-999B-057079178146}.Debug|Any CPU.Build.0 = Debug|Any CPU
		{B52CEB46-BE66-45BF-999B-057079178146}.Debug|x86.ActiveCfg = Debug|Any CPU
		{B52CEB46-BE66-45BF-999B-057079178146}.Debug|x86.Build.0 = Debug|Any CPU
		{B52CEB46-BE66-45BF-999B-057079178146}.Release|Any CPU.ActiveCfg = Release|Any CPU
		{B52CEB46-BE66-45BF-999B-057079178146}.Release|Any CPU.Build.0 = Release|Any CPU
		{B52CEB46-BE66-45BF-999B-057079178146}.Release|x86.ActiveCfg = Release|Any CPU
		{B52CEB46-BE66-45BF-999B-057079178146}.Release|x86.Build.0 = Release|Any CPU
		{06F29770-F1E1-4B05-B95F-98C186E60EC2}.Debug|Any CPU.ActiveCfg = Debug|Any CPU
		{06F29770-F1E1-4B05-B95F-98C186E60EC2}.Debug|Any CPU.Build.0 = Debug|Any CPU
		{06F29770-F1E1-4B05-B95F-98C186E60EC2}.Debug|x86.ActiveCfg = Debug|Any CPU
		{06F29770-F1E1-4B05-B95F-98C186E60EC2}.Debug|x86.Build.0 = Debug|Any CPU
		{06F29770-F1E1-4B05-B95F-98C186E60EC2}.Release|Any CPU.ActiveCfg = Release|Any CPU
		{06F29770-F1E1-4B05-B95F-98C186E60EC2}.Release|Any CPU.Build.0 = Release|Any CPU
		{06F29770-F1E1-4B05-B95F-98C186E60EC2}.Release|x86.ActiveCfg = Release|Any CPU
		{06F29770-F1E1-4B05-B95F-98C186E60EC2}.Release|x86.Build.0 = Release|Any CPU
		{43BE5C05-D6C8-4DDF-91F5-6C271EBB9C3A}.Debug|Any CPU.ActiveCfg = Debug|Any CPU
		{43BE5C05-D6C8-4DDF-91F5-6C271EBB9C3A}.Debug|Any CPU.Build.0 = Debug|Any CPU
		{43BE5C05-D6C8-4DDF-91F5-6C271EBB9C3A}.Debug|x86.ActiveCfg = Debug|Any CPU
		{43BE5C05-D6C8-4DDF-91F5-6C271EBB9C3A}.Debug|x86.Build.0 = Debug|Any CPU
		{43BE5C05-D6C8-4DDF-91F5-6C271EBB9C3A}.Release|Any CPU.ActiveCfg = Release|Any CPU
		{43BE5C05-D6C8-4DDF-91F5-6C271EBB9C3A}.Release|Any CPU.Build.0 = Release|Any CPU
		{43BE5C05-D6C8-4DDF-91F5-6C271EBB9C3A}.Release|x86.ActiveCfg = Release|Any CPU
		{43BE5C05-D6C8-4DDF-91F5-6C271EBB9C3A}.Release|x86.Build.0 = Release|Any CPU
		{7609F4CA-2F40-4829-A083-8C25941BABB6}.Debug|Any CPU.ActiveCfg = Debug|Any CPU
		{7609F4CA-2F40-4829-A083-8C25941BABB6}.Debug|Any CPU.Build.0 = Debug|Any CPU
		{7609F4CA-2F40-4829-A083-8C25941BABB6}.Debug|x86.ActiveCfg = Debug|Any CPU
		{7609F4CA-2F40-4829-A083-8C25941BABB6}.Debug|x86.Build.0 = Debug|Any CPU
		{7609F4CA-2F40-4829-A083-8C25941BABB6}.Release|Any CPU.ActiveCfg = Release|Any CPU
		{7609F4CA-2F40-4829-A083-8C25941BABB6}.Release|Any CPU.Build.0 = Release|Any CPU
		{7609F4CA-2F40-4829-A083-8C25941BABB6}.Release|x86.ActiveCfg = Release|Any CPU
		{7609F4CA-2F40-4829-A083-8C25941BABB6}.Release|x86.Build.0 = Release|Any CPU
		{69D24943-A13F-4874-B920-CEA64F90E19D}.Debug|Any CPU.ActiveCfg = Debug|Any CPU
		{69D24943-A13F-4874-B920-CEA64F90E19D}.Debug|Any CPU.Build.0 = Debug|Any CPU
		{69D24943-A13F-4874-B920-CEA64F90E19D}.Debug|x86.ActiveCfg = Debug|Any CPU
		{69D24943-A13F-4874-B920-CEA64F90E19D}.Debug|x86.Build.0 = Debug|Any CPU
		{69D24943-A13F-4874-B920-CEA64F90E19D}.Release|Any CPU.ActiveCfg = Release|Any CPU
		{69D24943-A13F-4874-B920-CEA64F90E19D}.Release|Any CPU.Build.0 = Release|Any CPU
		{69D24943-A13F-4874-B920-CEA64F90E19D}.Release|x86.ActiveCfg = Release|Any CPU
		{69D24943-A13F-4874-B920-CEA64F90E19D}.Release|x86.Build.0 = Release|Any CPU
		{AAA6593A-ACFE-4CE6-ACB3-96016B0E35F3}.Debug|Any CPU.ActiveCfg = Debug|Any CPU
		{AAA6593A-ACFE-4CE6-ACB3-96016B0E35F3}.Debug|Any CPU.Build.0 = Debug|Any CPU
		{AAA6593A-ACFE-4CE6-ACB3-96016B0E35F3}.Debug|x86.ActiveCfg = Debug|Any CPU
		{AAA6593A-ACFE-4CE6-ACB3-96016B0E35F3}.Debug|x86.Build.0 = Debug|Any CPU
		{AAA6593A-ACFE-4CE6-ACB3-96016B0E35F3}.Release|Any CPU.ActiveCfg = Release|Any CPU
		{AAA6593A-ACFE-4CE6-ACB3-96016B0E35F3}.Release|Any CPU.Build.0 = Release|Any CPU
		{AAA6593A-ACFE-4CE6-ACB3-96016B0E35F3}.Release|x86.ActiveCfg = Release|Any CPU
		{AAA6593A-ACFE-4CE6-ACB3-96016B0E35F3}.Release|x86.Build.0 = Release|Any CPU
		{B1D7AD7B-7413-48AC-8AF9-C6927FC8389C}.Debug|Any CPU.ActiveCfg = Debug|Any CPU
		{B1D7AD7B-7413-48AC-8AF9-C6927FC8389C}.Debug|Any CPU.Build.0 = Debug|Any CPU
		{B1D7AD7B-7413-48AC-8AF9-C6927FC8389C}.Debug|x86.ActiveCfg = Debug|Any CPU
		{B1D7AD7B-7413-48AC-8AF9-C6927FC8389C}.Debug|x86.Build.0 = Debug|Any CPU
		{B1D7AD7B-7413-48AC-8AF9-C6927FC8389C}.Release|Any CPU.ActiveCfg = Release|Any CPU
		{B1D7AD7B-7413-48AC-8AF9-C6927FC8389C}.Release|Any CPU.Build.0 = Release|Any CPU
		{B1D7AD7B-7413-48AC-8AF9-C6927FC8389C}.Release|x86.ActiveCfg = Release|Any CPU
		{B1D7AD7B-7413-48AC-8AF9-C6927FC8389C}.Release|x86.Build.0 = Release|Any CPU
		{40DFD83B-24A5-457C-B667-82AC9DAE2128}.Debug|Any CPU.ActiveCfg = Debug|Any CPU
		{40DFD83B-24A5-457C-B667-82AC9DAE2128}.Debug|Any CPU.Build.0 = Debug|Any CPU
		{40DFD83B-24A5-457C-B667-82AC9DAE2128}.Debug|x86.ActiveCfg = Debug|Any CPU
		{40DFD83B-24A5-457C-B667-82AC9DAE2128}.Debug|x86.Build.0 = Debug|Any CPU
		{40DFD83B-24A5-457C-B667-82AC9DAE2128}.Release|Any CPU.ActiveCfg = Release|Any CPU
		{40DFD83B-24A5-457C-B667-82AC9DAE2128}.Release|Any CPU.Build.0 = Release|Any CPU
		{40DFD83B-24A5-457C-B667-82AC9DAE2128}.Release|x86.ActiveCfg = Release|Any CPU
		{40DFD83B-24A5-457C-B667-82AC9DAE2128}.Release|x86.Build.0 = Release|Any CPU
	EndGlobalSection
	GlobalSection(SolutionProperties) = preSolution
		HideSolutionNode = FALSE
	EndGlobalSection
	GlobalSection(NestedProjects) = preSolution
		{7BAAE436-7C33-4629-A3B5-E3DBCD02B939} = {7A7FBCF6-51BD-42EF-AE3F-6F200405C774}
		{E8DED107-6112-4F97-AD39-8D9157522D3D} = {7A7FBCF6-51BD-42EF-AE3F-6F200405C774}
		{B5F05253-F1DB-4225-AC37-F03049800837} = {7A7FBCF6-51BD-42EF-AE3F-6F200405C774}
		{F1A34A1B-E6FB-4F2A-9ED3-5C0C94D1076F} = {7A7FBCF6-51BD-42EF-AE3F-6F200405C774}
		{FBB933E7-2DD6-425B-A4EE-92A3C2B497BB} = {767F1942-229D-428E-ADA8-32F3DB6519E4}
		{B52CEB46-BE66-45BF-999B-057079178146} = {FBB933E7-2DD6-425B-A4EE-92A3C2B497BB}
		{06F29770-F1E1-4B05-B95F-98C186E60EC2} = {FBB933E7-2DD6-425B-A4EE-92A3C2B497BB}
		{12FD99C6-751C-4860-A7C2-370213B270B1} = {767F1942-229D-428E-ADA8-32F3DB6519E4}
		{43BE5C05-D6C8-4DDF-91F5-6C271EBB9C3A} = {12FD99C6-751C-4860-A7C2-370213B270B1}
		{2D76AAF7-CEE1-48D6-83A8-573850B1329B} = {767F1942-229D-428E-ADA8-32F3DB6519E4}
		{7609F4CA-2F40-4829-A083-8C25941BABB6} = {2D76AAF7-CEE1-48D6-83A8-573850B1329B}
		{69D24943-A13F-4874-B920-CEA64F90E19D} = {12FD99C6-751C-4860-A7C2-370213B270B1}
		{AAA6593A-ACFE-4CE6-ACB3-96016B0E35F3} = {12FD99C6-751C-4860-A7C2-370213B270B1}
		{950DA4F7-2F22-4A48-8E21-B5789B15EFA8} = {B85777E9-5068-41DB-A492-47567F08AD89}
		{B1D7AD7B-7413-48AC-8AF9-C6927FC8389C} = {950DA4F7-2F22-4A48-8E21-B5789B15EFA8}
		{40DFD83B-24A5-457C-B667-82AC9DAE2128} = {950DA4F7-2F22-4A48-8E21-B5789B15EFA8}
	EndGlobalSection
	GlobalSection(ExtensibilityGlobals) = postSolution
		SolutionGuid = {97DAFC2A-7FCD-4BB7-B9AF-1E4E8550CFAC}
	EndGlobalSection
EndGlobal
